
Microsoft Visual Studio Solution File, Format Version 12.00
# Visual Studio 15
VisualStudioVersion = 15.0.28307.1022
MinimumVisualStudioVersion = 10.0.40219.1
Project("{FAE04EC0-301F-11D3-BF4B-00C04F79EFBC}") = "MPKTools", "MPKTools\MPKTools.csproj", "{026EFA55-5778-4B8D-AF08-96463D4BC12B}"
EndProject
Project("{FAE04EC0-301F-11D3-BF4B-00C04F79EFBC}") = "MagesLib", "MagesLib\MagesLib.csproj", "{E87452BA-AFE6-43D6-A69C-F55617E545F5}"
EndProject
Project("{FAE04EC0-301F-11D3-BF4B-00C04F79EFBC}") = "MagesTools", "MagesTools\MagesTools.csproj", "{344D820F-948C-4108-BDFE-00765EC00163}"
EndProject
Global
	GlobalSection(SolutionConfigurationPlatforms) = preSolution
		Debug|Any CPU = Debug|Any CPU
		Release|Any CPU = Release|Any CPU
	EndGlobalSection
	GlobalSection(ProjectConfigurationPlatforms) = postSolution
		{026EFA55-5778-4B8D-AF08-96463D4BC12B}.Debug|Any CPU.ActiveCfg = Debug|Any CPU
		{026EFA55-5778-4B8D-AF08-96463D4BC12B}.Debug|Any CPU.Build.0 = Debug|Any CPU
		{026EFA55-5778-4B8D-AF08-96463D4BC12B}.Release|Any CPU.ActiveCfg = Release|Any CPU
		{026EFA55-5778-4B8D-AF08-96463D4BC12B}.Release|Any CPU.Build.0 = Release|Any CPU
		{E87452BA-AFE6-43D6-A69C-F55617E545F5}.Debug|Any CPU.ActiveCfg = Debug|Any CPU
		{E87452BA-AFE6-43D6-A69C-F55617E545F5}.Debug|Any CPU.Build.0 = Debug|Any CPU
		{E87452BA-AFE6-43D6-A69C-F55617E545F5}.Release|Any CPU.ActiveCfg = Release|Any CPU
		{E87452BA-AFE6-43D6-A69C-F55617E545F5}.Release|Any CPU.Build.0 = Release|Any CPU
		{344D820F-948C-4108-BDFE-00765EC00163}.Debug|Any CPU.ActiveCfg = Debug|Any CPU
		{344D820F-948C-4108-BDFE-00765EC00163}.Debug|Any CPU.Build.0 = Debug|Any CPU
		{344D820F-948C-4108-BDFE-00765EC00163}.Release|Any CPU.ActiveCfg = Release|Any CPU
		{344D820F-948C-4108-BDFE-00765EC00163}.Release|Any CPU.Build.0 = Release|Any CPU
	EndGlobalSection
	GlobalSection(SolutionProperties) = preSolution
		HideSolutionNode = FALSE
	EndGlobalSection
	GlobalSection(ExtensibilityGlobals) = postSolution
		SolutionGuid = {67A798C6-6CFC-4C2C-AB24-3B93AAF73AEE}
	EndGlobalSection
EndGlobal
